
Microsoft Visual Studio Solution File, Format Version 12.00
# Visual Studio Version 17
VisualStudioVersion = 17.11.35327.3
MinimumVisualStudioVersion = 10.0.40219.1
Project("{FAE04EC0-301F-11D3-BF4B-00C04F79EFBC}") = "01_MainSubjects", "01_MainSubjects\01_MainSubjects.csproj", "{D68264B4-05BF-4209-B519-6B3EAC8AE8BA}"
EndProject
Project("{FAE04EC0-301F-11D3-BF4B-00C04F79EFBC}") = "02_Variables", "02_Variables\02_Variables.csproj", "{54B9E2FE-7B3F-49C0-A6A6-DE6C43637301}"
EndProject
Project("{FAE04EC0-301F-11D3-BF4B-00C04F79EFBC}") = "03_MakingDecision", "03_MakingDecision\03_MakingDecision.csproj", "{A747C3C9-7D54-4CF4-BDB3-454B514E7111}"
EndProject
Project("{FAE04EC0-301F-11D3-BF4B-00C04F79EFBC}") = "04_Loops", "04_Loops\04_Loops.csproj", "{BF2E28C1-BEAE-424A-BB16-A74B46BF7DB9}"
EndProject
Project("{FAE04EC0-301F-11D3-BF4B-00C04F79EFBC}") = "05_LoopsWithStars", "05_LoopsWithStars\05_LoopsWithStars.csproj", "{2DE2CE52-8353-43EE-A768-E98FCFF42062}"
EndProject
Project("{FAE04EC0-301F-11D3-BF4B-00C04F79EFBC}") = "06_Arrays", "06_Arrays\06_Arrays.csproj", "{74591239-ADDA-447B-A1DE-3A2F689BF342}"
EndProject
Project("{FAE04EC0-301F-11D3-BF4B-00C04F79EFBC}") = "07_ForeachLoop", "07_ForeachLoop\07_ForeachLoop.csproj", "{23D0AA9A-4378-451B-A9C6-DDD76E6C3A4F}"
EndProject
Project("{FAE04EC0-301F-11D3-BF4B-00C04F79EFBC}") = "08_Methods", "08_Methods\08_Methods.csproj", "{F8066226-35B7-44D2-9EF2-2C06518D2EFD}"
EndProject
Project("{FAE04EC0-301F-11D3-BF4B-00C04F79EFBC}") = "09_DatabaseProject", "09_DatabaseProject\09_DatabaseProject.csproj", "{23F4E735-B0D0-4506-B5A0-5D7445B5AE44}"
EndProject
Project("{FAE04EC0-301F-11D3-BF4B-00C04F79EFBC}") = "10_DatabaseCrud", "10_DatabaseCrud\10_DatabaseCrud.csproj", "{3490E741-ADD7-4D48-A829-0AB65076F9D3}"
EndProject
Global
	GlobalSection(SolutionConfigurationPlatforms) = preSolution
		Debug|Any CPU = Debug|Any CPU
		Release|Any CPU = Release|Any CPU
	EndGlobalSection
	GlobalSection(ProjectConfigurationPlatforms) = postSolution
		{D68264B4-05BF-4209-B519-6B3EAC8AE8BA}.Debug|Any CPU.ActiveCfg = Debug|Any CPU
		{D68264B4-05BF-4209-B519-6B3EAC8AE8BA}.Debug|Any CPU.Build.0 = Debug|Any CPU
		{D68264B4-05BF-4209-B519-6B3EAC8AE8BA}.Release|Any CPU.ActiveCfg = Release|Any CPU
		{D68264B4-05BF-4209-B519-6B3EAC8AE8BA}.Release|Any CPU.Build.0 = Release|Any CPU
		{54B9E2FE-7B3F-49C0-A6A6-DE6C43637301}.Debug|Any CPU.ActiveCfg = Debug|Any CPU
		{54B9E2FE-7B3F-49C0-A6A6-DE6C43637301}.Debug|Any CPU.Build.0 = Debug|Any CPU
		{54B9E2FE-7B3F-49C0-A6A6-DE6C43637301}.Release|Any CPU.ActiveCfg = Release|Any CPU
		{54B9E2FE-7B3F-49C0-A6A6-DE6C43637301}.Release|Any CPU.Build.0 = Release|Any CPU
		{A747C3C9-7D54-4CF4-BDB3-454B514E7111}.Debug|Any CPU.ActiveCfg = Debug|Any CPU
		{A747C3C9-7D54-4CF4-BDB3-454B514E7111}.Debug|Any CPU.Build.0 = Debug|Any CPU
		{A747C3C9-7D54-4CF4-BDB3-454B514E7111}.Release|Any CPU.ActiveCfg = Release|Any CPU
		{A747C3C9-7D54-4CF4-BDB3-454B514E7111}.Release|Any CPU.Build.0 = Release|Any CPU
		{BF2E28C1-BEAE-424A-BB16-A74B46BF7DB9}.Debug|Any CPU.ActiveCfg = Debug|Any CPU
		{BF2E28C1-BEAE-424A-BB16-A74B46BF7DB9}.Debug|Any CPU.Build.0 = Debug|Any CPU
		{BF2E28C1-BEAE-424A-BB16-A74B46BF7DB9}.Release|Any CPU.ActiveCfg = Release|Any CPU
		{BF2E28C1-BEAE-424A-BB16-A74B46BF7DB9}.Release|Any CPU.Build.0 = Release|Any CPU
		{2DE2CE52-8353-43EE-A768-E98FCFF42062}.Debug|Any CPU.ActiveCfg = Debug|Any CPU
		{2DE2CE52-8353-43EE-A768-E98FCFF42062}.Debug|Any CPU.Build.0 = Debug|Any CPU
		{2DE2CE52-8353-43EE-A768-E98FCFF42062}.Release|Any CPU.ActiveCfg = Release|Any CPU
		{2DE2CE52-8353-43EE-A768-E98FCFF42062}.Release|Any CPU.Build.0 = Release|Any CPU
		{74591239-ADDA-447B-A1DE-3A2F689BF342}.Debug|Any CPU.ActiveCfg = Debug|Any CPU
		{74591239-ADDA-447B-A1DE-3A2F689BF342}.Debug|Any CPU.Build.0 = Debug|Any CPU
		{74591239-ADDA-447B-A1DE-3A2F689BF342}.Release|Any CPU.ActiveCfg = Release|Any CPU
		{74591239-ADDA-447B-A1DE-3A2F689BF342}.Release|Any CPU.Build.0 = Release|Any CPU
		{23D0AA9A-4378-451B-A9C6-DDD76E6C3A4F}.Debug|Any CPU.ActiveCfg = Debug|Any CPU
		{23D0AA9A-4378-451B-A9C6-DDD76E6C3A4F}.Debug|Any CPU.Build.0 = Debug|Any CPU
		{23D0AA9A-4378-451B-A9C6-DDD76E6C3A4F}.Release|Any CPU.ActiveCfg = Release|Any CPU
		{23D0AA9A-4378-451B-A9C6-DDD76E6C3A4F}.Release|Any CPU.Build.0 = Release|Any CPU
		{F8066226-35B7-44D2-9EF2-2C06518D2EFD}.Debug|Any CPU.ActiveCfg = Debug|Any CPU
		{F8066226-35B7-44D2-9EF2-2C06518D2EFD}.Debug|Any CPU.Build.0 = Debug|Any CPU
		{F8066226-35B7-44D2-9EF2-2C06518D2EFD}.Release|Any CPU.ActiveCfg = Release|Any CPU
		{F8066226-35B7-44D2-9EF2-2C06518D2EFD}.Release|Any CPU.Build.0 = Release|Any CPU
		{23F4E735-B0D0-4506-B5A0-5D7445B5AE44}.Debug|Any CPU.ActiveCfg = Debug|Any CPU
		{23F4E735-B0D0-4506-B5A0-5D7445B5AE44}.Debug|Any CPU.Build.0 = Debug|Any CPU
		{23F4E735-B0D0-4506-B5A0-5D7445B5AE44}.Release|Any CPU.ActiveCfg = Release|Any CPU
		{23F4E735-B0D0-4506-B5A0-5D7445B5AE44}.Release|Any CPU.Build.0 = Release|Any CPU
		{3490E741-ADD7-4D48-A829-0AB65076F9D3}.Debug|Any CPU.ActiveCfg = Debug|Any CPU
		{3490E741-ADD7-4D48-A829-0AB65076F9D3}.Debug|Any CPU.Build.0 = Debug|Any CPU
		{3490E741-ADD7-4D48-A829-0AB65076F9D3}.Release|Any CPU.ActiveCfg = Release|Any CPU
		{3490E741-ADD7-4D48-A829-0AB65076F9D3}.Release|Any CPU.Build.0 = Release|Any CPU
	EndGlobalSection
	GlobalSection(SolutionProperties) = preSolution
		HideSolutionNode = FALSE
	EndGlobalSection
	GlobalSection(ExtensibilityGlobals) = postSolution
		SolutionGuid = {304FFF7F-1A4D-4B0C-BD74-05013CF69DFE}
	EndGlobalSection
EndGlobal
